
Microsoft Visual Studio Solution File, Format Version 12.00
# Visual Studio Version 17
VisualStudioVersion = 17.1.32421.90
MinimumVisualStudioVersion = 10.0.40219.1
Project("{FAE04EC0-301F-11D3-BF4B-00C04F79EFBC}") = "SRS.Web", "UserManagement\SRS.Web.csproj", "{1E4A84F6-ED49-4E0D-92BA-24E858F89F31}"
EndProject
Project("{FAE04EC0-301F-11D3-BF4B-00C04F79EFBC}") = "SRS.Domain", "SRS.Domain\SRS.Domain.csproj", "{D58C6168-3DE1-4DE9-8AC2-2CA7F94B11AA}"
EndProject
Project("{FAE04EC0-301F-11D3-BF4B-00C04F79EFBC}") = "SRS.Repositories", "SRS.Repositories\SRS.Repositories.csproj", "{A18B1276-3DA8-44B6-8C80-15BB59E520DE}"
EndProject
Project("{FAE04EC0-301F-11D3-BF4B-00C04F79EFBC}") = "SRS.Services", "SRS.Services\SRS.Services.csproj", "{4218C75C-92F6-4EFC-BDC8-7BDD6F6F8406}"
EndProject
Project("{2150E333-8FDC-42A3-9474-1A3956D46DE8}") = "Solution Items", "Solution Items", "{8A546E82-4D01-4F25-BEC4-2AD2E7ACCCD0}"
	ProjectSection(SolutionItems) = preProject
		.editorconfig = .editorconfig
	EndProjectSection
EndProject
Global
	GlobalSection(SolutionConfigurationPlatforms) = preSolution
		Debug|Any CPU = Debug|Any CPU
		Release|Any CPU = Release|Any CPU
	EndGlobalSection
	GlobalSection(ProjectConfigurationPlatforms) = postSolution
		{1E4A84F6-ED49-4E0D-92BA-24E858F89F31}.Debug|Any CPU.ActiveCfg = Debug|Any CPU
		{1E4A84F6-ED49-4E0D-92BA-24E858F89F31}.Debug|Any CPU.Build.0 = Debug|Any CPU
		{1E4A84F6-ED49-4E0D-92BA-24E858F89F31}.Release|Any CPU.ActiveCfg = Release|Any CPU
		{1E4A84F6-ED49-4E0D-92BA-24E858F89F31}.Release|Any CPU.Build.0 = Release|Any CPU
		{D58C6168-3DE1-4DE9-8AC2-2CA7F94B11AA}.Debug|Any CPU.ActiveCfg = Debug|Any CPU
		{D58C6168-3DE1-4DE9-8AC2-2CA7F94B11AA}.Debug|Any CPU.Build.0 = Debug|Any CPU
		{D58C6168-3DE1-4DE9-8AC2-2CA7F94B11AA}.Release|Any CPU.ActiveCfg = Release|Any CPU
		{D58C6168-3DE1-4DE9-8AC2-2CA7F94B11AA}.Release|Any CPU.Build.0 = Release|Any CPU
		{A18B1276-3DA8-44B6-8C80-15BB59E520DE}.Debug|Any CPU.ActiveCfg = Debug|Any CPU
		{A18B1276-3DA8-44B6-8C80-15BB59E520DE}.Debug|Any CPU.Build.0 = Debug|Any CPU
		{A18B1276-3DA8-44B6-8C80-15BB59E520DE}.Release|Any CPU.ActiveCfg = Release|Any CPU
		{A18B1276-3DA8-44B6-8C80-15BB59E520DE}.Release|Any CPU.Build.0 = Release|Any CPU
		{4218C75C-92F6-4EFC-BDC8-7BDD6F6F8406}.Debug|Any CPU.ActiveCfg = Debug|Any CPU
		{4218C75C-92F6-4EFC-BDC8-7BDD6F6F8406}.Debug|Any CPU.Build.0 = Debug|Any CPU
		{4218C75C-92F6-4EFC-BDC8-7BDD6F6F8406}.Release|Any CPU.ActiveCfg = Release|Any CPU
		{4218C75C-92F6-4EFC-BDC8-7BDD6F6F8406}.Release|Any CPU.Build.0 = Release|Any CPU
	EndGlobalSection
	GlobalSection(SolutionProperties) = preSolution
		HideSolutionNode = FALSE
	EndGlobalSection
	GlobalSection(ExtensibilityGlobals) = postSolution
		SolutionGuid = {F457A6DE-E365-4F2D-A994-CB2DA4A6AF5C}
	EndGlobalSection
EndGlobal
